
Microsoft Visual Studio Solution File, Format Version 12.00
# Visual Studio Version 17
VisualStudioVersion = 17.1.32414.318
MinimumVisualStudioVersion = 10.0.40219.1
Project("{9A19103F-16F7-4668-BE54-9A1E7A4F7556}") = "GoLangVersionManager", "GoLangVersionManager\GoLangVersionManager.csproj", "{918117DC-2735-44F2-BBA3-C91880EC0655}"
EndProject
Project("{FAE04EC0-301F-11D3-BF4B-00C04F79EFBC}") = "GoLangVersionManager.Common", "GoLangVersionManager.Common\GoLangVersionManager.Common.csproj", "{8F1CC8F7-FA04-4DF1-8FA4-14E2A1FDC031}"
EndProject
Project("{FAE04EC0-301F-11D3-BF4B-00C04F79EFBC}") = "GoLangVersionManager.Commands", "GoLangVersionManager.Commands\GoLangVersionManager.Commands.csproj", "{206E8302-1BCE-4E42-911F-CF4D1B189074}"
EndProject
Global
	GlobalSection(SolutionConfigurationPlatforms) = preSolution
		Debug|Any CPU = Debug|Any CPU
		Debug|x64 = Debug|x64
		Debug|x86 = Debug|x86
		Release|Any CPU = Release|Any CPU
		Release|x64 = Release|x64
		Release|x86 = Release|x86
	EndGlobalSection
	GlobalSection(ProjectConfigurationPlatforms) = postSolution
		{918117DC-2735-44F2-BBA3-C91880EC0655}.Debug|Any CPU.ActiveCfg = Debug|Any CPU
		{918117DC-2735-44F2-BBA3-C91880EC0655}.Debug|Any CPU.Build.0 = Debug|Any CPU
		{918117DC-2735-44F2-BBA3-C91880EC0655}.Debug|x64.ActiveCfg = Debug|x64
		{918117DC-2735-44F2-BBA3-C91880EC0655}.Debug|x64.Build.0 = Debug|x64
		{918117DC-2735-44F2-BBA3-C91880EC0655}.Debug|x86.ActiveCfg = Debug|x86
		{918117DC-2735-44F2-BBA3-C91880EC0655}.Debug|x86.Build.0 = Debug|x86
		{918117DC-2735-44F2-BBA3-C91880EC0655}.Release|Any CPU.ActiveCfg = Release|Any CPU
		{918117DC-2735-44F2-BBA3-C91880EC0655}.Release|Any CPU.Build.0 = Release|Any CPU
		{918117DC-2735-44F2-BBA3-C91880EC0655}.Release|x64.ActiveCfg = Release|x64
		{918117DC-2735-44F2-BBA3-C91880EC0655}.Release|x64.Build.0 = Release|x64
		{918117DC-2735-44F2-BBA3-C91880EC0655}.Release|x86.ActiveCfg = Release|x86
		{918117DC-2735-44F2-BBA3-C91880EC0655}.Release|x86.Build.0 = Release|x86
		{8F1CC8F7-FA04-4DF1-8FA4-14E2A1FDC031}.Debug|Any CPU.ActiveCfg = Debug|Any CPU
		{8F1CC8F7-FA04-4DF1-8FA4-14E2A1FDC031}.Debug|Any CPU.Build.0 = Debug|Any CPU
		{8F1CC8F7-FA04-4DF1-8FA4-14E2A1FDC031}.Debug|x64.ActiveCfg = Debug|x64
		{8F1CC8F7-FA04-4DF1-8FA4-14E2A1FDC031}.Debug|x64.Build.0 = Debug|x64
		{8F1CC8F7-FA04-4DF1-8FA4-14E2A1FDC031}.Debug|x86.ActiveCfg = Debug|x86
		{8F1CC8F7-FA04-4DF1-8FA4-14E2A1FDC031}.Debug|x86.Build.0 = Debug|x86
		{8F1CC8F7-FA04-4DF1-8FA4-14E2A1FDC031}.Release|Any CPU.ActiveCfg = Release|Any CPU
		{8F1CC8F7-FA04-4DF1-8FA4-14E2A1FDC031}.Release|Any CPU.Build.0 = Release|Any CPU
		{8F1CC8F7-FA04-4DF1-8FA4-14E2A1FDC031}.Release|x64.ActiveCfg = Release|x64
		{8F1CC8F7-FA04-4DF1-8FA4-14E2A1FDC031}.Release|x64.Build.0 = Release|x64
		{8F1CC8F7-FA04-4DF1-8FA4-14E2A1FDC031}.Release|x86.ActiveCfg = Release|x86
		{8F1CC8F7-FA04-4DF1-8FA4-14E2A1FDC031}.Release|x86.Build.0 = Release|x86
		{206E8302-1BCE-4E42-911F-CF4D1B189074}.Debug|Any CPU.ActiveCfg = Debug|Any CPU
		{206E8302-1BCE-4E42-911F-CF4D1B189074}.Debug|Any CPU.Build.0 = Debug|Any CPU
		{206E8302-1BCE-4E42-911F-CF4D1B189074}.Debug|x64.ActiveCfg = Debug|x64
		{206E8302-1BCE-4E42-911F-CF4D1B189074}.Debug|x64.Build.0 = Debug|x64
		{206E8302-1BCE-4E42-911F-CF4D1B189074}.Debug|x86.ActiveCfg = Debug|Any CPU
		{206E8302-1BCE-4E42-911F-CF4D1B189074}.Debug|x86.Build.0 = Debug|Any CPU
		{206E8302-1BCE-4E42-911F-CF4D1B189074}.Release|Any CPU.ActiveCfg = Release|Any CPU
		{206E8302-1BCE-4E42-911F-CF4D1B189074}.Release|Any CPU.Build.0 = Release|Any CPU
		{206E8302-1BCE-4E42-911F-CF4D1B189074}.Release|x64.ActiveCfg = Release|x64
		{206E8302-1BCE-4E42-911F-CF4D1B189074}.Release|x64.Build.0 = Release|x64
		{206E8302-1BCE-4E42-911F-CF4D1B189074}.Release|x86.ActiveCfg = Release|Any CPU
		{206E8302-1BCE-4E42-911F-CF4D1B189074}.Release|x86.Build.0 = Release|Any CPU
	EndGlobalSection
	GlobalSection(SolutionProperties) = preSolution
		HideSolutionNode = FALSE
	EndGlobalSection
	GlobalSection(ExtensibilityGlobals) = postSolution
		SolutionGuid = {ED09F67E-7715-4ED0-860E-5C63AFDA7F33}
	EndGlobalSection
EndGlobal
